// !$*UTF8*$!
{
	archiveVersion = 1;
	classes = {
	};
	objectVersion = 50;
	objects = {

/* Begin PBXBuildFile section */
		8B066ABC22A0295600A87A4B /* AppDelegate.swift in Sources */ = {isa = PBXBuildFile; fileRef = 8B066ABB22A0295600A87A4B /* AppDelegate.swift */; };
		8B066ABE22A0295600A87A4B /* ViewController.swift in Sources */ = {isa = PBXBuildFile; fileRef = 8B066ABD22A0295600A87A4B /* ViewController.swift */; };
		8B066AC122A0295600A87A4B /* Main.storyboard in Resources */ = {isa = PBXBuildFile; fileRef = 8B066ABF22A0295600A87A4B /* Main.storyboard */; };
		8B066AC422A0295600A87A4B /* SBBOLtest.xcdatamodeld in Sources */ = {isa = PBXBuildFile; fileRef = 8B066AC222A0295600A87A4B /* SBBOLtest.xcdatamodeld */; };
		8B066AC622A0295800A87A4B /* Assets.xcassets in Resources */ = {isa = PBXBuildFile; fileRef = 8B066AC522A0295800A87A4B /* Assets.xcassets */; };
		8B066AC922A0295800A87A4B /* LaunchScreen.storyboard in Resources */ = {isa = PBXBuildFile; fileRef = 8B066AC722A0295800A87A4B /* LaunchScreen.storyboard */; };
/* End PBXBuildFile section */

/* Begin PBXFileReference section */
		8B066AB822A0295600A87A4B /* SBBOLtest.app */ = {isa = PBXFileReference; explicitFileType = wrapper.application; includeInIndex = 0; path = SBBOLtest.app; sourceTree = BUILT_PRODUCTS_DIR; };
		8B066ABB22A0295600A87A4B /* AppDelegate.swift */ = {isa = PBXFileReference; lastKnownFileType = sourcecode.swift; path = AppDelegate.swift; sourceTree = "<group>"; };
		8B066ABD22A0295600A87A4B /* ViewController.swift */ = {isa = PBXFileReference; lastKnownFileType = sourcecode.swift; path = ViewController.swift; sourceTree = "<group>"; };
		8B066AC022A0295600A87A4B /* Base */ = {isa = PBXFileReference; lastKnownFileType = file.storyboard; name = Base; path = Base.lproj/Main.storyboard; sourceTree = "<group>"; };
		8B066AC322A0295600A87A4B /* SBBOLtest.xcdatamodel */ = {isa = PBXFileReference; lastKnownFileType = wrapper.xcdatamodel; path = SBBOLtest.xcdatamodel; sourceTree = "<group>"; };
		8B066AC522A0295800A87A4B /* Assets.xcassets */ = {isa = PBXFileReference; lastKnownFileType = folder.assetcatalog; path = Assets.xcassets; sourceTree = "<group>"; };
		8B066AC822A0295800A87A4B /* Base */ = {isa = PBXFileReference; lastKnownFileType = file.storyboard; name = Base; path = Base.lproj/LaunchScreen.storyboard; sourceTree = "<group>"; };
		8B066ACA22A0295800A87A4B /* Info.plist */ = {isa = PBXFileReference; lastKnownFileType = text.plist.xml; path = Info.plist; sourceTree = "<group>"; };
/* End PBXFileReference section */

/* Begin PBXFrameworksBuildPhase section */
		8B066AB522A0295600A87A4B /* Frameworks */ = {
			isa = PBXFrameworksBuildPhase;
			buildActionMask = 2147483647;
			files = (
			);
			runOnlyForDeploymentPostprocessing = 0;
		};
/* End PBXFrameworksBuildPhase section */

/* Begin PBXGroup section */
		8B066AAF22A0295600A87A4B = {
			isa = PBXGroup;
			children = (
				8B066ABA22A0295600A87A4B /* SBBOLtest */,
				8B066AB922A0295600A87A4B /* Products */,
			);
			sourceTree = "<group>";
		};
		8B066AB922A0295600A87A4B /* Products */ = {
			isa = PBXGroup;
			children = (
				8B066AB822A0295600A87A4B /* SBBOLtest.app */,
			);
			name = Products;
			sourceTree = "<group>";
		};
		8B066ABA22A0295600A87A4B /* SBBOLtest */ = {
			isa = PBXGroup;
			children = (
				8B066ABB22A0295600A87A4B /* AppDelegate.swift */,
				8B066ABD22A0295600A87A4B /* ViewController.swift */,
				8B066ABF22A0295600A87A4B /* Main.storyboard */,
				8B066AC522A0295800A87A4B /* Assets.xcassets */,
				8B066AC722A0295800A87A4B /* LaunchScreen.storyboard */,
				8B066ACA22A0295800A87A4B /* Info.plist */,
				8B066AC222A0295600A87A4B /* SBBOLtest.xcdatamodeld */,
			);
			path = SBBOLtest;
			sourceTree = "<group>";
		};
/* End PBXGroup section */

/* Begin PBXNativeTarget section */
		8B066AB722A0295600A87A4B /* SBBOLtest */ = {
			isa = PBXNativeTarget;
			buildConfigurationList = 8B066ACD22A0295800A87A4B /* Build configuration list for PBXNativeTarget "SBBOLtest" */;
			buildPhases = (
				8B066AB422A0295600A87A4B /* Sources */,
				8B066AB522A0295600A87A4B /* Frameworks */,
				8B066AB622A0295600A87A4B /* Resources */,
			);
			buildRules = (
			);
			dependencies = (
			);
			name = SBBOLtest;
			productName = SBBOLtest;
			productReference = 8B066AB822A0295600A87A4B /* SBBOLtest.app */;
			productType = "com.apple.product-type.application";
		};
/* End PBXNativeTarget section */

/* Begin PBXProject section */
		8B066AB022A0295600A87A4B /* Project object */ = {
			isa = PBXProject;
			attributes = {
				LastSwiftUpdateCheck = 1020;
				LastUpgradeCheck = 1020;
				ORGANIZATIONNAME = "Erik Vildanov";
				TargetAttributes = {
					8B066AB722A0295600A87A4B = {
						CreatedOnToolsVersion = 10.2.1;
					};
				};
			};
			buildConfigurationList = 8B066AB322A0295600A87A4B /* Build configuration list for PBXProject "SBBOLtest" */;
			compatibilityVersion = "Xcode 9.3";
			developmentRegion = en;
			hasScannedForEncodings = 0;
			knownRegions = (
				en,
				Base,
			);
			mainGroup = 8B066AAF22A0295600A87A4B;
			productRefGroup = 8B066AB922A0295600A87A4B /* Products */;
			projectDirPath = "";
			projectRoot = "";
			targets = (
				8B066AB722A0295600A87A4B /* SBBOLtest */,
			);
		};
/* End PBXProject section */

/* Begin PBXResourcesBuildPhase section */
		8B066AB622A0295600A87A4B /* Resources */ = {
			isa = PBXResourcesBuildPhase;
			buildActionMask = 2147483647;
			files = (
				8B066AC922A0295800A87A4B /* LaunchScreen.storyboard in Resources */,
				8B066AC622A0295800A87A4B /* Assets.xcassets in Resources */,
				8B066AC122A0295600A87A4B /* Main.storyboard in Resources */,
			);
			runOnlyForDeploymentPostprocessing = 0;
		};
/* End PBXResourcesBuildPhase section */

/* Begin PBXSourcesBuildPhase section */
		8B066AB422A0295600A87A4B /* Sources */ = {
			isa = PBXSourcesBuildPhase;
			buildActionMask = 2147483647;
			files = (
				8B066ABE22A0295600A87A4B /* ViewController.swift in Sources */,
				8B066AC422A0295600A87A4B /* SBBOLtest.xcdatamodeld in Sources */,
				8B066ABC22A0295600A87A4B /* AppDelegate.swift in Sources */,
			);
			runOnlyForDeploymentPostprocessing = 0;
		};
/* End PBXSourcesBuildPhase section */

/* Begin PBXVariantGroup section */
		8B066ABF22A0295600A87A4B /* Main.storyboard */ = {
			isa = PBXVariantGroup;
			children = (
				8B066AC022A0295600A87A4B /* Base */,
			);
			name = Main.storyboard;
			sourceTree = "<group>";
		};
		8B066AC722A0295800A87A4B /* LaunchScreen.storyboard */ = {
			isa = PBXVariantGroup;
			children = (
				8B066AC822A0295800A87A4B /* Base */,
			);
			name = LaunchScreen.storyboard;
			sourceTree = "<group>";
		};
/* End PBXVariantGroup section */

/* Begin XCBuildConfiguration section */
		8B066ACB22A0295800A87A4B /* Debug */ = {
			isa = XCBuildConfiguration;
			buildSettings = {
				ALWAYS_SEARCH_USER_PATHS = NO;
				CLANG_ANALYZER_NONNULL = YES;
				CLANG_ANALYZER_NUMBER_OBJECT_CONVERSION = YES_AGGRESSIVE;
				CLANG_CXX_LANGUAGE_STANDARD = "gnu++14";
				CLANG_CXX_LIBRARY = "libc++";
				CLANG_ENABLE_MODULES = YES;
				CLANG_ENABLE_OBJC_ARC = YES;
				CLANG_ENABLE_OBJC_WEAK = YES;
				CLANG_WARN_BLOCK_CAPTURE_AUTORELEASING = YES;
				CLANG_WARN_BOOL_CONVERSION = YES;
				CLANG_WARN_COMMA = YES;
				CLANG_WARN_CONSTANT_CONVERSION = YES;
				CLANG_WARN_DEPRECATED_OBJC_IMPLEMENTATIONS = YES;
				CLANG_WARN_DIRECT_OBJC_ISA_USAGE = YES_ERROR;
				CLANG_WARN_DOCUMENTATION_COMMENTS = YES;
				CLANG_WARN_EMPTY_BODY = YES;
				CLANG_WARN_ENUM_CONVERSION = YES;
				CLANG_WARN_INFINITE_RECURSION = YES;
				CLANG_WARN_INT_CONVERSION = YES;
				CLANG_WARN_NON_LITERAL_NULL_CONVERSION = YES;
				CLANG_WARN_OBJC_IMPLICIT_RETAIN_SELF = YES;
				CLANG_WARN_OBJC_LITERAL_CONVERSION = YES;
				CLANG_WARN_OBJC_ROOT_CLASS = YES_ERROR;
				CLANG_WARN_RANGE_LOOP_ANALYSIS = YES;
				CLANG_WARN_STRICT_PROTOTYPES = YES;
				CLANG_WARN_SUSPICIOUS_MOVE = YES;
				CLANG_WARN_UNGUARDED_AVAILABILITY = YES_AGGRESSIVE;
				CLANG_WARN_UNREACHABLE_CODE = YES;
				CLANG_WARN__DUPLICATE_METHOD_MATCH = YES;
				CODE_SIGN_IDENTITY = "iPhone Developer";
				COPY_PHASE_STRIP = NO;
				DEBUG_INFORMATION_FORMAT = dwarf;
				ENABLE_STRICT_OBJC_MSGSEND = YES;
				ENABLE_TESTABILITY = YES;
				GCC_C_LANGUAGE_STANDARD = gnu11;
				GCC_DYNAMIC_NO_PIC = NO;
				GCC_NO_COMMON_BLOCKS = YES;
				GCC_OPTIMIZATION_LEVEL = 0;
				GCC_PREPROCESSOR_DEFINITIONS = (
					"DEBUG=1",
					"$(inherited)",
				);
				GCC_WARN_64_TO_32_BIT_CONVERSION = YES;
				GCC_WARN_ABOUT_RETURN_TYPE = YES_ERROR;
				GCC_WARN_UNDECLARED_SELECTOR = YES;
				GCC_WARN_UNINITIALIZED_AUTOS = YES_AGGRESSIVE;
				GCC_WARN_UNUSED_FUNCTION = YES;
				GCC_WARN_UNUSED_VARIABLE = YES;
				IPHONEOS_DEPLOYMENT_TARGET = 12.2;
				MTL_ENABLE_DEBUG_INFO = INCLUDE_SOURCE;
				MTL_FAST_MATH = YES;
				ONLY_ACTIVE_ARCH = YES;
				SDKROOT = iphoneos;
				SWIFT_ACTIVE_COMPILATION_CONDITIONS = DEBUG;
				SWIFT_OPTIMIZATION_LEVEL = "-Onone";
			};
			name = Debug;
		};
		8B066ACC22A0295800A87A4B /* Release */ = {
			isa = XCBuildConfiguration;
			buildSettings = {
				ALWAYS_SEARCH_USER_PATHS = NO;
				CLANG_ANALYZER_NONNULL = YES;
				CLANG_ANALYZER_NUMBER_OBJECT_CONVERSION = YES_AGGRESSIVE;
				CLANG_CXX_LANGUAGE_STANDARD = "gnu++14";
				CLANG_CXX_LIBRARY = "libc++";
				CLANG_ENABLE_MODULES = YES;
				CLANG_ENABLE_OBJC_ARC = YES;
				CLANG_ENABLE_OBJC_WEAK = YES;
				CLANG_WARN_BLOCK_CAPTURE_AUTORELEASING = YES;
				CLANG_WARN_BOOL_CONVERSION = YES;
				CLANG_WARN_COMMA = YES;
				CLANG_WARN_CONSTANT_CONVERSION = YES;
				CLANG_WARN_DEPRECATED_OBJC_IMPLEMENTATIONS = YES;
				CLANG_WARN_DIRECT_OBJC_ISA_USAGE = YES_ERROR;
				CLANG_WARN_DOCUMENTATION_COMMENTS = YES;
				CLANG_WARN_EMPTY_BODY = YES;
				CLANG_WARN_ENUM_CONVERSION = YES;
				CLANG_WARN_INFINITE_RECURSION = YES;
				CLANG_WARN_INT_CONVERSION = YES;
				CLANG_WARN_NON_LITERAL_NULL_CONVERSION = YES;
				CLANG_WARN_OBJC_IMPLICIT_RETAIN_SELF = YES;
				CLANG_WARN_OBJC_LITERAL_CONVERSION = YES;
				CLANG_WARN_OBJC_ROOT_CLASS = YES_ERROR;
				CLANG_WARN_RANGE_LOOP_ANALYSIS = YES;
				CLANG_WARN_STRICT_PROTOTYPES = YES;
				CLANG_WARN_SUSPICIOUS_MOVE = YES;
				CLANG_WARN_UNGUARDED_AVAILABILITY = YES_AGGRESSIVE;
				CLANG_WARN_UNREACHABLE_CODE = YES;
				CLANG_WARN__DUPLICATE_METHOD_MATCH = YES;
				CODE_SIGN_IDENTITY = "iPhone Developer";
				COPY_PHASE_STRIP = NO;
				DEBUG_INFORMATION_FORMAT = "dwarf-with-dsym";
				ENABLE_NS_ASSERTIONS = NO;
				ENABLE_STRICT_OBJC_MSGSEND = YES;
				GCC_C_LANGUAGE_STANDARD = gnu11;
				GCC_NO_COMMON_BLOCKS = YES;
				GCC_WARN_64_TO_32_BIT_CONVERSION = YES;
				GCC_WARN_ABOUT_RETURN_TYPE = YES_ERROR;
				GCC_WARN_UNDECLARED_SELECTOR = YES;
				GCC_WARN_UNINITIALIZED_AUTOS = YES_AGGRESSIVE;
				GCC_WARN_UNUSED_FUNCTION = YES;
				GCC_WARN_UNUSED_VARIABLE = YES;
				IPHONEOS_DEPLOYMENT_TARGET = 12.2;
				MTL_ENABLE_DEBUG_INFO = NO;
				MTL_FAST_MATH = YES;
				SDKROOT = iphoneos;
				SWIFT_COMPILATION_MODE = wholemodule;
				SWIFT_OPTIMIZATION_LEVEL = "-O";
				VALIDATE_PRODUCT = YES;
			};
			name = Release;
		};
		8B066ACE22A0295800A87A4B /* Debug */ = {
			isa = XCBuildConfiguration;
			buildSettings = {
				ASSETCATALOG_COMPILER_APPICON_NAME = AppIcon;
				CODE_SIGN_STYLE = Automatic;
				DEVELOPMENT_TEAM = D423L8TC7V;
				INFOPLIST_FILE = SBBOLtest/Info.plist;
				LD_RUNPATH_SEARCH_PATHS = (
					"$(inherited)",
					"@executable_path/Frameworks",
				);
				PRODUCT_BUNDLE_IDENTIFIER = bot.SBBOLtest;
				PRODUCT_NAME = "$(TARGET_NAME)";
				SWIFT_VERSION = 5.0;
				TARGETED_DEVICE_FAMILY = "1,2";
			};
			name = Debug;
		};
		8B066ACF22A0295800A87A4B /* Release */ = {
			isa = XCBuildConfiguration;
			buildSettings = {
				ASSETCATALOG_COMPILER_APPICON_NAME = AppIcon;
				CODE_SIGN_STYLE = Automatic;
				DEVELOPMENT_TEAM = D423L8TC7V;
				INFOPLIST_FILE = SBBOLtest/Info.plist;
				LD_RUNPATH_SEARCH_PATHS = (
					"$(inherited)",
					"@executable_path/Frameworks",
				);
				PRODUCT_BUNDLE_IDENTIFIER = bot.SBBOLtest;
				PRODUCT_NAME = "$(TARGET_NAME)";
				SWIFT_VERSION = 5.0;
				TARGETED_DEVICE_FAMILY = "1,2";
			};
			name = Release;
		};
/* End XCBuildConfiguration section */

/* Begin XCConfigurationList section */
		8B066AB322A0295600A87A4B /* Build configuration list for PBXProject "SBBOLtest" */ = {
			isa = XCConfigurationList;
			buildConfigurations = (
				8B066ACB22A0295800A87A4B /* Debug */,
				8B066ACC22A0295800A87A4B /* Release */,
			);
			defaultConfigurationIsVisible = 0;
			defaultConfigurationName = Release;
		};
		8B066ACD22A0295800A87A4B /* Build configuration list for PBXNativeTarget "SBBOLtest" */ = {
			isa = XCConfigurationList;
			buildConfigurations = (
				8B066ACE22A0295800A87A4B /* Debug */,
				8B066ACF22A0295800A87A4B /* Release */,
			);
			defaultConfigurationIsVisible = 0;
			defaultConfigurationName = Release;
		};
/* End XCConfigurationList section */

/* Begin XCVersionGroup section */
		8B066AC222A0295600A87A4B /* SBBOLtest.xcdatamodeld */ = {
			isa = XCVersionGroup;
			children = (
				8B066AC322A0295600A87A4B /* SBBOLtest.xcdatamodel */,
			);
			currentVersion = 8B066AC322A0295600A87A4B /* SBBOLtest.xcdatamodel */;
			path = SBBOLtest.xcdatamodeld;
			sourceTree = "<group>";
			versionGroupType = wrapper.xcdatamodel;
		};
/* End XCVersionGroup section */
	};
	rootObject = 8B066AB022A0295600A87A4B /* Project object */;
}
